
Microsoft Visual Studio Solution File, Format Version 12.00
# Visual Studio Version 16
VisualStudioVersion = 16.0.30204.135
MinimumVisualStudioVersion = 10.0.40219.1
Project("{9A19103F-16F7-4668-BE54-9A1E7A4F7556}") = "SentiHack", "SentiHack\SentiHack.csproj", "{8D952EBA-90A1-404E-AD3C-F551F4C0907A}"
EndProject
Project("{FAE04EC0-301F-11D3-BF4B-00C04F79EFBC}") = "SentiHackMVC", "SentiHackMVC\SentiHackMVC.csproj", "{FFA85E26-A0F5-4C91-ADEA-5D671BBD5F0C}"
EndProject
Global
	GlobalSection(SolutionConfigurationPlatforms) = preSolution
		Debug|Any CPU = Debug|Any CPU
		Release|Any CPU = Release|Any CPU
	EndGlobalSection
	GlobalSection(ProjectConfigurationPlatforms) = postSolution
		{8D952EBA-90A1-404E-AD3C-F551F4C0907A}.Debug|Any CPU.ActiveCfg = Debug|Any CPU
		{8D952EBA-90A1-404E-AD3C-F551F4C0907A}.Debug|Any CPU.Build.0 = Debug|Any CPU
		{8D952EBA-90A1-404E-AD3C-F551F4C0907A}.Release|Any CPU.ActiveCfg = Release|Any CPU
		{8D952EBA-90A1-404E-AD3C-F551F4C0907A}.Release|Any CPU.Build.0 = Release|Any CPU
		{FFA85E26-A0F5-4C91-ADEA-5D671BBD5F0C}.Debug|Any CPU.ActiveCfg = Debug|Any CPU
		{FFA85E26-A0F5-4C91-ADEA-5D671BBD5F0C}.Debug|Any CPU.Build.0 = Debug|Any CPU
		{FFA85E26-A0F5-4C91-ADEA-5D671BBD5F0C}.Release|Any CPU.ActiveCfg = Release|Any CPU
		{FFA85E26-A0F5-4C91-ADEA-5D671BBD5F0C}.Release|Any CPU.Build.0 = Release|Any CPU
	EndGlobalSection
	GlobalSection(SolutionProperties) = preSolution
		HideSolutionNode = FALSE
	EndGlobalSection
	GlobalSection(ExtensibilityGlobals) = postSolution
		SolutionGuid = {33DE1373-60A1-45CE-B6B7-8E137C7443A7}
	EndGlobalSection
EndGlobal
